
Microsoft Visual Studio Solution File, Format Version 12.00
# Visual Studio Version 16
VisualStudioVersion = 16.0.31911.196
MinimumVisualStudioVersion = 10.0.40219.1
Project("{FAE04EC0-301F-11D3-BF4B-00C04F79EFBC}") = "Task", "Task.csproj", "{6DC324C9-3D54-4205-B1D0-27EBD0F6A995}"
EndProject
Global
	GlobalSection(SolutionConfigurationPlatforms) = preSolution
		Debug|Any CPU = Debug|Any CPU
		Release|Any CPU = Release|Any CPU
	EndGlobalSection
	GlobalSection(ProjectConfigurationPlatforms) = postSolution
		{6DC324C9-3D54-4205-B1D0-27EBD0F6A995}.Debug|Any CPU.ActiveCfg = Debug|Any CPU
		{6DC324C9-3D54-4205-B1D0-27EBD0F6A995}.Debug|Any CPU.Build.0 = Debug|Any CPU
		{6DC324C9-3D54-4205-B1D0-27EBD0F6A995}.Release|Any CPU.ActiveCfg = Release|Any CPU
		{6DC324C9-3D54-4205-B1D0-27EBD0F6A995}.Release|Any CPU.Build.0 = Release|Any CPU
	EndGlobalSection
	GlobalSection(SolutionProperties) = preSolution
		HideSolutionNode = FALSE
	EndGlobalSection
	GlobalSection(ExtensibilityGlobals) = postSolution
		SolutionGuid = {4F0E9AD0-2EFC-4EC3-B0C3-9954AE1BF3C3}
	EndGlobalSection
EndGlobal
